github.com/DataDog/datadog-go v0.0.0-20180330214955-e67964b4021a h1:zpQSzEApXM0qkXcpdjeJ4OpnBWhD/X8zT/iT1wYLiVU=
github.com/DataDog/datadog-go v0.0.0-20180330214955-e67964b4021a/go.mod h1:LButxg5PwREeZtORoXG3tL4fMGNddJ+vMq1mwgfaqoQ=
github.com/beorn7/perks v0.0.0-20180321164747-3a771d992973 h1:xJ4a3vCFaGF/jqvzLMYoU8P317H5OQ+Via4RmuPwCS0=
github.com/beorn7/perks v0.0.0-20180321164747-3a771d992973/go.mod h1:Dwedo/Wpr24TaqPxmxbtue+5NUziq4I4S80YR8gNf3Q=
github.com/bigdatadev/goryman v0.0.0-20150429092505-55c3cbc3df54 h1:U9VgkjRgX4Syn2icJauMoO9O00mjjK/oZDICB7SW1mI=
github.com/bigdatadev/goryman v0.0.0-20150429092505-55c3cbc3df54/go.mod h1:Z4M2NEHE/46i40FM0x1AHxDJTpgLXJid8HUNLw/m2ik=
github.com/blockchaindev/goryman v0.0.0-20150429092505-55c3cbc3df54 h1:vAw4GDAUulik5qzlq9Tf2z2+BDONImWajDvaVlN5uPU=
github.com/blockchaindev/goryman v0.0.0-20150429092505-55c3cbc3df54/go.mod h1:Ij0f+CkcTwfW8ysBGoXOji+XLAYDpnXjmZ/+UMLxewE=
github.com/golang/protobuf v1.1.0 h1:0iH4Ffd/meGoXqF2lSAhZHt8X+cPgkfn/cb6Cce5Vpc=
github.com/golang/protobuf v1.1.0/go.mod h1:6lQm79b+lXiMfvg/cZm0SGofjICqVBUtrP5yJMmIC1U=
github.com/influxdata/influxdb1-client v0.0.0-20190809212627-fc22c7df067e h1:txQltCyjXAqVVSZDArPEhUTg35hKwVIuXwtQo7eAMNQ=
github.com/influxdata/influxdb1-client v0.0.0-20190809212627-fc22c7df067e/go.mod h1:qj24IKcXYK6Iy9ceXlo3Tc+vtHo9lIhSX5JddghvEPo=
github.com/marpaia/graphite-golang v0.0.0-20171231172105-134b9af18cf3 h1:u29lpVaZAUUD6NlG1A0lIR7CnRgKlHNdDOJZw40L+/I=
github.com/marpaia/graphite-golang v0.0.0-20171231172105-134b9af18cf3/go.mod h1:llZw8JbFm5CvdRrtgdjaQNlZR1bQhAWsBKtb0HTX+sw=
github.com/matttproud/golang_protobuf_extensions v1.0.1 h1:4hp9jkHxhMHkqkrB3Ix0jegS5sx/RkqARlsWZ6pIwiU=
github.com/matttproud/golang_protobuf_extensions v1.0.1/go.mod h1:D8He9yQNgCq6Z5Ld7szi9bcBfOoFv/3dc6xSMkL2PC0=
github.com/prometheus/client_golang v0.8.0 h1:1921Yw9Gc3iSc4VQh3PIoOqgPCZS7G/4xQNVUp8Mda8=
github.com/prometheus/client_golang v0.8.0/go.mod h1:7SWBe2y4D6OKWSNQJUaRYU/AaXPKyh/dDVn+NZz0KFw=
github.com/prometheus/client_model v0.0.0-20171117100541-99fa1f4be8e5 h1:cLL6NowurKLMfCeQy4tIeph12XNQWgANCNvdyrOYKV4=
github.com/prometheus/client_model v0.0.0-20171117100541-99fa1f4be8e5/go.mod h1:MbSGuTsp3dbXC40dX6PRTWyKYBIrTGTE9sqQNg2J8bo=
github.com/prometheus/common v0.0.0-20180518154759-7600349dcfe1 h1:osmNoEW2SCW3L7EX0km2LYM8HKpNWRiouxjE3XHkyGc=
github.com/prometheus/common v0.0.0-20180518154759-7600349dcfe1/go.mod h1:daVV7qP5qjZbuso7PdcryaAu0sAZbrN9i7WWcTMWvro=
github.com/prometheus/procfs v0.0.0-20180601124529-94663424ae5a h1:Qs9Yu4moby3L1ECWFy8vhMlj32/+/kwps8zah0+aLqg=
github.com/prometheus/procfs v0.0.0-20180601124529-94663424ae5a/go.mod h1:c3At6R/oaqEKCNdg8wHV1ftS6bRYblBhIjjI8uT2IGk=
gopkg.in/check.v1 v0.0.0-20161208181325-20d25e280405/go.mod h1:Co6ibVJAznAaIkqp8huTwlJQCZ016jof/cbN4VW5Yz0=
gopkg.in/yaml.v2 v2.2.1 h1:mUhvW9EsL+naU5Q3cakzfE91YhliOondGd6ZrsDBHQE=
gopkg.in/yaml.v2 v2.2.1/go.mod h1:hI93XBmqTisBFMUTm0b8Fm+jr3Dg1NNxqwp+5A1VGuI=
sourcegraph.com/sourcegraph/go-selenium v0.0.0-20120410135938-8c693ec99535 h1:DBZ+oxxswe0YJpEHEVR/CJz2AAPAmS4daJdRKGrtTpE=
sourcegraph.com/sourcegraph/go-selenium v0.0.0-20120410135938-8c693ec99535/go.mod h1:AnVhEyJt1uHaBqUjmUJAmpdW2GPHGx0BivIkVCUvkAo=
